
Microsoft Visual Studio Solution File, Format Version 12.00
# Visual Studio 2013
VisualStudioVersion = 12.0.30501.0
MinimumVisualStudioVersion = 10.0.40219.1
Project("{FAE04EC0-301F-11D3-BF4B-00C04F79EFBC}") = "ProductService", "ProductService\ProductService.csproj", "{FCE5E56B-D139-49B3-8258-1C5E75742880}"
EndProject
Global
	GlobalSection(SolutionConfigurationPlatforms) = preSolution
		Debug|Any CPU = Debug|Any CPU
		Release|Any CPU = Release|Any CPU
	EndGlobalSection
	GlobalSection(ProjectConfigurationPlatforms) = postSolution
		{FCE5E56B-D139-49B3-8258-1C5E75742880}.Debug|Any CPU.ActiveCfg = Debug|Any CPU
		{FCE5E56B-D139-49B3-8258-1C5E75742880}.Debug|Any CPU.Build.0 = Debug|Any CPU
		{FCE5E56B-D139-49B3-8258-1C5E75742880}.Release|Any CPU.ActiveCfg = Release|Any CPU
		{FCE5E56B-D139-49B3-8258-1C5E75742880}.Release|Any CPU.Build.0 = Release|Any CPU
	EndGlobalSection
	GlobalSection(SolutionProperties) = preSolution
		HideSolutionNode = FALSE
	EndGlobalSection
EndGlobal
